webtyp.com/fmt v1.0.0 h1:W0vMMGC6ezg1q2LarAEaVnNvZ26hVqzZdQQH1wcNogM=
webtyp.com/fmt v1.0.0/go.mod h1:FmTxx713R45J21kbH5JOmKGaaCap3fJPA9Yl2n4Ch7U=
webtyp.com/model v0.2.0 h1:fhnpWAxT2ss0bQ05uoVA+ZclEvHcRHwHn/pWH31dj0w=
webtyp.com/model v0.2.0/go.mod h1:OkyYeE3GOG8eAQGhd9wVsORAhr+xYj3q8avpoGXG25c=
webtyp.com/modfind v0.0.9 h1:3hOnLwVsXv/wqxJIuBecSSL4jra+KeLM4QSiYFahyfs=
webtyp.com/modfind v0.0.9/go.mod h1:jEi1SwQK6pzP//tQkh6Jz+b4Kl/UtE6Iw9hH22UFRYI=
webtyp.com/orm v0.12.4 h1:BL2wJo8MWSavpuyTYp7UKoJPyOb8tmiE8D98sK75xA8=
webtyp.com/orm v0.12.4/go.mod h1:aad8/2kEG1kN3Pnwy8Hd/CxI/bXXV+xnXYlqcyRm82Y=
webtyp.com/storage v0.0.10 h1:LpYNxZXfI6PRzLfCTsVo+p0hriOrleqt4W2v6mxBPlw=
webtyp.com/storage v0.0.10/go.mod h1:mh9CB3BbNXGvw+oNBJlUNOpBQ5dMZAS1gAFQamq7H2k=
