webtyp.com/fmt v1.0.0 h1:W0vMMGC6ezg1q2LarAEaVnNvZ26hVqzZdQQH1wcNogM=
webtyp.com/fmt v1.0.0/go.mod h1:FmTxx713R45J21kbH5JOmKGaaCap3fJPA9Yl2n4Ch7U=
webtyp.com/model v0.1.9 h1:XpkNiIQbIVaFrbh4E/UqdIutHFNA92//KSP4M/owaSQ=
webtyp.com/model v0.1.9/go.mod h1:OkyYeE3GOG8eAQGhd9wVsORAhr+xYj3q8avpoGXG25c=
webtyp.com/modfind v0.0.9 h1:3hOnLwVsXv/wqxJIuBecSSL4jra+KeLM4QSiYFahyfs=
webtyp.com/modfind v0.0.9/go.mod h1:jEi1SwQK6pzP//tQkh6Jz+b4Kl/UtE6Iw9hH22UFRYI=
webtyp.com/orm v0.12.3 h1:/bRvGInEP5h1SuUA293qOa2BLjliOfabvF6AVHdHCOc=
webtyp.com/orm v0.12.3/go.mod h1:aad8/2kEG1kN3Pnwy8Hd/CxI/bXXV+xnXYlqcyRm82Y=
webtyp.com/storage v0.0.9 h1:UwmtJT9eu17fbBAdAJTqmeD+4W1nZF9PNqs7DziYfbU=
webtyp.com/storage v0.0.9/go.mod h1:AvgsoV0BIE0CJRC1NHxRArb8/0bOfB7HzR8nysMSxTE=
